{
  "name": "hapi_app",
  "version": "1.0.0",
  "lockfileVersion": 1,
  "requires": true,
  "dependencies": {
    "abstract-leveldown": {
      "version": "5.0.0",
      "resolved": "https://artifactory.twitter.biz:443/api/npm/js-virtual/abstract-leveldown/-/abstract-leveldown-5.0.0.tgz",
      "integrity": "sha1-9xKOH4bMq/fSiTB3zl0G15jjhsY=",
      "requires": {
        "xtend": "4.0.1"
      }
    },
    "accept": {
      "version": "3.0.2",
      "resolved": "https://artifactory.twitter.biz:443/api/npm/js-virtual/accept/-/accept-3.0.2.tgz",
      "integrity": "sha1-g+Qc7H4RSfP9R0iAQjhz22xsyaw=",
      "requires": {
        "boom": "7.2.0",
        "hoek": "5.0.4"
      }
    },
    "ammo": {
      "version": "3.0.1",
      "resolved": "https://artifactory.twitter.biz:443/api/npm/js-virtual/ammo/-/ammo-3.0.1.tgz",
      "integrity": "sha1-x5zurDb7TlUIXqP+DC9Cv6X3yRQ=",
      "requires": {
        "hoek": "5.0.4"
      }
    },
    "ansi-regex": {
      "version": "2.1.1",
      "resolved": "https://artifactory.twitter.biz:443/api/npm/js-virtual/ansi-regex/-/ansi-regex-2.1.1.tgz",
      "integrity": "sha1-w7M6te42DYbg5ijwRorn7yfWVN8="
    },
    "aproba": {
      "version": "1.2.0",
      "resolved": "https://artifactory.twitter.biz:443/api/npm/js-virtual/aproba/-/aproba-1.2.0.tgz",
      "integrity": "sha1-aALmJk79GMeQobDVF/DyYnvyyUo="
    },
    "are-we-there-yet": {
      "version": "1.1.5",
      "resolved": "https://artifactory.twitter.biz:443/api/npm/js-virtual/are-we-there-yet/-/are-we-there-yet-1.1.5.tgz",
      "integrity": "sha1-SzXClE8GKov82mZBB2A1D+nd/CE=",
      "requires": {
        "delegates": "1.0.0",
        "readable-stream": "2.3.6"
      }
    },
    "async": {
      "version": "2.6.1",
      "resolved": "https://artifactory.twitter.biz:443/api/npm/js-virtual/async/-/async-2.6.1.tgz",
      "integrity": "sha1-skWiPKcZMAROxT+kaqAKPofGphA=",
      "requires": {
        "lodash": "4.17.11"
      }
    },
    "b64": {
      "version": "4.0.0",
      "resolved": "https://artifactory.twitter.biz:443/api/npm/js-virtual/b64/-/b64-4.0.0.tgz",
      "integrity": "sha1-w39Yfwo4PHAZ6CESDow/WPDSJ3I="
    },
    "big-time": {
      "version": "2.0.1",
      "resolved": "https://artifactory.twitter.biz:443/api/npm/js-virtual/big-time/-/big-time-2.0.1.tgz",
      "integrity": "sha1-aMffjcMPl+lT8lpnp2rJcTwWyd4="
    },
    "bindings": {
      "version": "1.3.0",
      "resolved": "https://artifactory.twitter.biz:443/api/npm/js-virtual/bindings/-/bindings-1.3.0.tgz",
      "integrity": "sha1-s0b27PapX1qBXFg5/HzbIlAvHtc="
    },
    "bl": {
      "version": "1.2.2",
      "resolved": "https://artifactory.twitter.biz:443/api/npm/js-virtual/bl/-/bl-1.2.2.tgz",
      "integrity": "sha1-oWCRFxcQPAdBDO9j71Gzl8Alr5w=",
      "requires": {
        "readable-stream": "2.3.6",
        "safe-buffer": "5.1.2"
      }
    },
    "boom": {
      "version": "7.2.0",
      "resolved": "https://artifactory.twitter.biz:443/api/npm/js-virtual/boom/-/boom-7.2.0.tgz",
      "integrity": "sha1-K/8kpVVldn/ehp7ICDF+sQxI6WY=",
      "requires": {
        "hoek": "5.0.4"
      }
    },
    "bounce": {
      "version": "1.2.0",
      "resolved": "https://artifactory.twitter.biz:443/api/npm/js-virtual/bounce/-/bounce-1.2.0.tgz",
      "integrity": "sha1-47rGjHP9JW44CWVR78CfUEhzyMg=",
      "requires": {
        "boom": "7.2.0",
        "hoek": "5.0.4"
      }
    },
    "buffer-alloc": {
      "version": "1.2.0",
      "resolved": "https://artifactory.twitter.biz:443/api/npm/js-virtual/buffer-alloc/-/buffer-alloc-1.2.0.tgz",
      "integrity": "sha1-iQ3ZDZI6hz4I4Q5f1RpX5bfM4Ow=",
      "requires": {
        "buffer-alloc-unsafe": "1.1.0",
        "buffer-fill": "1.0.0"
      }
    },
    "buffer-alloc-unsafe": {
      "version": "1.1.0",
      "resolved": "https://artifactory.twitter.biz:443/api/npm/js-virtual/buffer-alloc-unsafe/-/buffer-alloc-unsafe-1.1.0.tgz",
      "integrity": "sha1-vX3CauKXLQ7aJTvgYdupkjScGfA="
    },
    "buffer-fill": {
      "version": "1.0.0",
      "resolved": "https://artifactory.twitter.biz:443/api/npm/js-virtual/buffer-fill/-/buffer-fill-1.0.0.tgz",
      "integrity": "sha1-+PeLdniYiO858gXNY39o5wISKyw="
    },
    "call": {
      "version": "5.0.1",
      "resolved": "https://artifactory.twitter.biz:443/api/npm/js-virtual/call/-/call-5.0.1.tgz",
      "integrity": "sha1-rBtcEG2e3CoXrypKT3TdTwwG6RA=",
      "requires": {
        "boom": "7.2.0",
        "hoek": "5.0.4"
      }
    },
    "catbox": {
      "version": "10.0.2",
      "resolved": "https://artifactory.twitter.biz:443/api/npm/js-virtual/catbox/-/catbox-10.0.2.tgz",
      "integrity": "sha1-5qwfNRAtGpvQeRW4LlCNErUKi/o=",
      "requires": {
        "boom": "7.2.0",
        "bounce": "1.2.0",
        "hoek": "5.0.4",
        "joi": "13.6.0"
      }
    },
    "catbox-memory": {
      "version": "3.1.2",
      "resolved": "https://artifactory.twitter.biz:443/api/npm/js-virtual/catbox-memory/-/catbox-memory-3.1.2.tgz",
      "integrity": "sha1-Su7BvJlEGcD35gCH8XKq7dm0kRw=",
      "requires": {
        "big-time": "2.0.1",
        "boom": "7.2.0",
        "hoek": "5.0.4"
      }
    },
    "chownr": {
      "version": "1.0.1",
      "resolved": "https://artifactory.twitter.biz:443/api/npm/js-virtual/chownr/-/chownr-1.0.1.tgz",
      "integrity": "sha1-4qdQQqlVGQi+vSW4Uj1fl2nXkYE="
    },
    "code-point-at": {
      "version": "1.1.0",
      "resolved": "https://artifactory.twitter.biz:443/api/npm/js-virtual/code-point-at/-/code-point-at-1.1.0.tgz",
      "integrity": "sha1-DQcLTQQ6W+ozovGkDi7bPZpMz3c="
    },
    "commander": {
      "version": "2.17.1",
      "resolved": "https://artifactory.twitter.biz:443/api/npm/js-virtual/commander/-/commander-2.17.1.tgz",
      "integrity": "sha1-vXerfebelCBc6sxy8XFtKfIKd78=",
      "optional": true
    },
    "console-control-strings": {
      "version": "1.1.0",
      "resolved": "https://artifactory.twitter.biz:443/api/npm/js-virtual/console-control-strings/-/console-control-strings-1.1.0.tgz",
      "integrity": "sha1-PXz0Rk22RG6mRL9LOVB/mFEAjo4="
    },
    "content": {
      "version": "4.0.5",
      "resolved": "https://artifactory.twitter.biz:443/api/npm/js-virtual/content/-/content-4.0.5.tgz",
      "integrity": "sha1-vFR96ryImrabzhf681hcKfTEG/I=",
      "requires": {
        "boom": "7.2.0"
      }
    },
    "core-util-is": {
      "version": "1.0.2",
      "resolved": "https://artifactory.twitter.biz:443/api/npm/js-virtual/core-util-is/-/core-util-is-1.0.2.tgz",
      "integrity": "sha1-tf1UIgqivFq1eqtxQMlAdUUDwac="
    },
    "cryptiles": {
      "version": "4.1.2",
      "resolved": "https://artifactory.twitter.biz:443/api/npm/js-virtual/cryptiles/-/cryptiles-4.1.2.tgz",
      "integrity": "sha1-NjyatchZ2p0tb7kBtk2YCWYYEYQ=",
      "requires": {
        "boom": "7.2.0"
      }
    },
    "crypto-js": {
      "version": "3.1.9-1",
      "resolved": "https://artifactory.twitter.biz:443/api/npm/js-virtual/crypto-js/-/crypto-js-3.1.9-1.tgz",
      "integrity": "sha1-/aGedh/Ad+Af+/3G6f38WeiAbNg="
    },
    "decompress-response": {
      "version": "3.3.0",
      "resolved": "https://artifactory.twitter.biz:443/api/npm/js-virtual/decompress-response/-/decompress-response-3.3.0.tgz",
      "integrity": "sha1-gKTdMjdIOEv6JICDYirt7Jgq3/M=",
      "requires": {
        "mimic-response": "1.0.1"
      }
    },
    "deep-extend": {
      "version": "0.6.0",
      "resolved": "https://artifactory.twitter.biz:443/api/npm/js-virtual/deep-extend/-/deep-extend-0.6.0.tgz",
      "integrity": "sha1-xPp8lUBKF6nD6Mp+FTcxK3NjMKw="
    },
    "deferred-leveldown": {
      "version": "4.0.2",
      "resolved": "https://artifactory.twitter.biz:443/api/npm/js-virtual/deferred-leveldown/-/deferred-leveldown-4.0.2.tgz",
      "integrity": "sha1-CwVwCHgnv0gKI0lLOY8EwSjBmiA=",
      "requires": {
        "abstract-leveldown": "5.0.0",
        "inherits": "2.0.3"
      }
    },
    "delegates": {
      "version": "1.0.0",
      "resolved": "https://artifactory.twitter.biz:443/api/npm/js-virtual/delegates/-/delegates-1.0.0.tgz",
      "integrity": "sha1-hMbhWbgZBP3KWaDvRM2HDTElD5o="
    },
    "detect-libc": {
      "version": "1.0.3",
      "resolved": "https://artifactory.twitter.biz:443/api/npm/js-virtual/detect-libc/-/detect-libc-1.0.3.tgz",
      "integrity": "sha1-+hN8S9aY7fVc1c0CrFWfkaTEups="
    },
    "encoding-down": {
      "version": "5.0.4",
      "resolved": "https://artifactory.twitter.biz:443/api/npm/js-virtual/encoding-down/-/encoding-down-5.0.4.tgz",
      "integrity": "sha1-Hkd9qOnp0PfIKT0yAET4ss2OlhQ=",
      "requires": {
        "abstract-leveldown": "5.0.0",
        "inherits": "2.0.3",
        "level-codec": "9.0.0",
        "level-errors": "2.0.0",
        "xtend": "4.0.1"
      }
    },
    "end-of-stream": {
      "version": "1.4.1",
      "resolved": "https://artifactory.twitter.biz:443/api/npm/js-virtual/end-of-stream/-/end-of-stream-1.4.1.tgz",
      "integrity": "sha1-7SljTRm6ukY7bOa4CjchPqtx7EM=",
      "requires": {
        "once": "1.4.0"
      }
    },
    "errno": {
      "version": "0.1.7",
      "resolved": "https://artifactory.twitter.biz:443/api/npm/js-virtual/errno/-/errno-0.1.7.tgz",
      "integrity": "sha1-RoTXF3mtOa8Xfj8AeZb3xnyFJhg=",
      "requires": {
        "prr": "1.0.1"
      }
    },
    "expand-template": {
      "version": "1.1.1",
      "resolved": "https://artifactory.twitter.biz:443/api/npm/js-virtual/expand-template/-/expand-template-1.1.1.tgz",
      "integrity": "sha1-mB8YjAw6h9Lij1WbxUFCb/lPId0="
    },
    "fast-future": {
      "version": "1.0.2",
      "resolved": "https://artifactory.twitter.biz:443/api/npm/js-virtual/fast-future/-/fast-future-1.0.2.tgz",
      "integrity": "sha1-hDWpqqAteSSNF9cE52JZMB2ZKAo="
    },
    "fs-constants": {
      "version": "1.0.0",
      "resolved": "https://artifactory.twitter.biz:443/api/npm/js-virtual/fs-constants/-/fs-constants-1.0.0.tgz",
      "integrity": "sha1-a+Dem+mYzhavivwkSXue6bfM2a0="
    },
    "gauge": {
      "version": "2.7.4",
      "resolved": "https://artifactory.twitter.biz:443/api/npm/js-virtual/gauge/-/gauge-2.7.4.tgz",
      "integrity": "sha1-LANAXHU4w51+s3sxcCLjJfsBi/c=",
      "requires": {
        "aproba": "1.2.0",
        "console-control-strings": "1.1.0",
        "has-unicode": "2.0.1",
        "object-assign": "4.1.1",
        "signal-exit": "3.0.2",
        "string-width": "1.0.2",
        "strip-ansi": "3.0.1",
        "wide-align": "1.1.3"
      }
    },
    "github-from-package": {
      "version": "0.0.0",
      "resolved": "https://artifactory.twitter.biz:443/api/npm/js-virtual/github-from-package/-/github-from-package-0.0.0.tgz",
      "integrity": "sha1-l/tdlr/eiXMxPyDoKI75oWf6ZM4="
    },
    "handlebars": {
      "version": "4.0.12",
      "resolved": "https://artifactory.twitter.biz:443/api/npm/js-virtual/handlebars/-/handlebars-4.0.12.tgz",
      "integrity": "sha1-LBXIqW1G2l4mZwBRi6jLjZGdW8U=",
      "requires": {
        "async": "2.6.1",
        "optimist": "0.6.1",
        "source-map": "0.6.1",
        "uglify-js": "3.4.9"
      }
    },
    "hapi": {
      "version": "17.5.3",
      "resolved": "https://artifactory.twitter.biz:443/api/npm/js-virtual/hapi/-/hapi-17.5.3.tgz",
      "integrity": "sha1-YCZsoHLWliC1sTXAyYoXIow7800=",
      "requires": {
        "accept": "3.0.2",
        "ammo": "3.0.1",
        "boom": "7.2.0",
        "bounce": "1.2.0",
        "call": "5.0.1",
        "catbox": "10.0.2",
        "catbox-memory": "3.1.2",
        "heavy": "6.1.0",
        "hoek": "5.0.4",
        "joi": "13.6.0",
        "mimos": "4.0.0",
        "podium": "3.1.2",
        "shot": "4.0.5",
        "statehood": "6.0.6",
        "subtext": "6.0.7",
        "teamwork": "3.0.1",
        "topo": "3.0.0"
      }
    },
    "has-unicode": {
      "version": "2.0.1",
      "resolved": "https://artifactory.twitter.biz:443/api/npm/js-virtual/has-unicode/-/has-unicode-2.0.1.tgz",
      "integrity": "sha1-4Ob+aijPUROIVeCG0Wkedx3iqLk="
    },
    "heavy": {
      "version": "6.1.0",
      "resolved": "https://artifactory.twitter.biz:443/api/npm/js-virtual/heavy/-/heavy-6.1.0.tgz",
      "integrity": "sha1-G7+kPcYd1LVD7eP/h9uDBreWcnQ=",
      "requires": {
        "boom": "7.2.0",
        "hoek": "5.0.4",
        "joi": "13.6.0"
      }
    },
    "hoek": {
      "version": "5.0.4",
      "resolved": "https://artifactory.twitter.biz:443/api/npm/js-virtual/hoek/-/hoek-5.0.4.tgz",
      "integrity": "sha1-D3+icKHK/rNkpLLd+qM/hk5BV9o="
    },
    "inherits": {
      "version": "2.0.3",
      "resolved": "https://artifactory.twitter.biz:443/api/npm/js-virtual/inherits/-/inherits-2.0.3.tgz",
      "integrity": "sha1-Yzwsg+PaQqUC9SRmAiSA9CCCYd4="
    },
    "ini": {
      "version": "1.3.5",
      "resolved": "https://artifactory.twitter.biz:443/api/npm/js-virtual/ini/-/ini-1.3.5.tgz",
      "integrity": "sha1-7uJfVtscnsYIXgwid4CD9Zar+Sc="
    },
    "iron": {
      "version": "5.0.4",
      "resolved": "https://artifactory.twitter.biz:443/api/npm/js-virtual/iron/-/iron-5.0.4.tgz",
      "integrity": "sha1-AD7YIvZW8HwrYnYoFfXeOUcyaGc=",
      "requires": {
        "boom": "7.2.0",
        "cryptiles": "4.1.2",
        "hoek": "5.0.4"
      }
    },
    "is-fullwidth-code-point": {
      "version": "1.0.0",
      "resolved": "https://artifactory.twitter.biz:443/api/npm/js-virtual/is-fullwidth-code-point/-/is-fullwidth-code-point-1.0.0.tgz",
      "integrity": "sha1-754xOG8DGn8NZDr4L95QxFfvAMs=",
      "requires": {
        "number-is-nan": "1.0.1"
      }
    },
    "isarray": {
      "version": "1.0.0",
      "resolved": "https://artifactory.twitter.biz:443/api/npm/js-virtual/isarray/-/isarray-1.0.0.tgz",
      "integrity": "sha1-u5NdSFgsuhaMBoNJV6VKPgcSTxE="
    },
    "isemail": {
      "version": "3.1.3",
      "resolved": "https://artifactory.twitter.biz:443/api/npm/js-virtual/isemail/-/isemail-3.1.3.tgz",
      "integrity": "sha1-ZPN/wRNXnqElIxZcPr46caVs5XE=",
      "requires": {
        "punycode": "2.1.1"
      }
    },
    "items": {
      "version": "2.1.1",
      "resolved": "https://artifactory.twitter.biz:443/api/npm/js-virtual/items/-/items-2.1.1.tgz",
      "integrity": "sha1-i9FtnIOxlSneWuoyGsqtp4NkoZg="
    },
    "joi": {
      "version": "13.6.0",
      "resolved": "https://artifactory.twitter.biz:443/api/npm/js-virtual/joi/-/joi-13.6.0.tgz",
      "integrity": "sha1-h32CDjrWiKScMkIf/vx0a/vi0KA=",
      "requires": {
        "hoek": "5.0.4",
        "isemail": "3.1.3",
        "topo": "3.0.0"
      }
    },
    "level": {
      "version": "4.0.0",
      "resolved": "https://artifactory.twitter.biz:443/api/npm/js-virtual/level/-/level-4.0.0.tgz",
      "integrity": "sha1-hqpGtUMLrBJnbmk+v/IGIy7x5Uk=",
      "requires": {
        "level-packager": "3.1.0",
        "leveldown": "4.0.1",
        "opencollective-postinstall": "2.0.0"
      }
    },
    "level-codec": {
      "version": "9.0.0",
      "resolved": "https://artifactory.twitter.biz:443/api/npm/js-virtual/level-codec/-/level-codec-9.0.0.tgz",
      "integrity": "sha1-LToOg1xKqDOexj3j9aN0gLdKX4c="
    },
    "level-errors": {
      "version": "2.0.0",
      "resolved": "https://artifactory.twitter.biz:443/api/npm/js-virtual/level-errors/-/level-errors-2.0.0.tgz",
      "integrity": "sha1-LeW1ZrYu75L5nhm+dDl/vFElY/o=",
      "requires": {
        "errno": "0.1.7"
      }
    },
    "level-iterator-stream": {
      "version": "3.0.0",
      "resolved": "https://artifactory.twitter.biz:443/api/npm/js-virtual/level-iterator-stream/-/level-iterator-stream-3.0.0.tgz",
      "integrity": "sha1-L3gLUkuOf6R5wZXlsRgM1An4Uhk=",
      "requires": {
        "inherits": "2.0.3",
        "readable-stream": "2.3.6",
        "xtend": "4.0.1"
      }
    },
    "level-packager": {
      "version": "3.1.0",
      "resolved": "https://artifactory.twitter.biz:443/api/npm/js-virtual/level-packager/-/level-packager-3.1.0.tgz",
      "integrity": "sha1-5hfIYz1uzC7UDFbYa3VGQ5L6PM0=",
      "requires": {
        "encoding-down": "5.0.4",
        "levelup": "3.1.1"
      }
    },
    "leveldown": {
      "version": "4.0.1",
      "resolved": "https://artifactory.twitter.biz:443/api/npm/js-virtual/leveldown/-/leveldown-4.0.1.tgz",
      "integrity": "sha1-e8Pfk8n6V0/rOc5FoMQHOqlIz+8=",
      "requires": {
        "abstract-leveldown": "5.0.0",
        "bindings": "1.3.0",
        "fast-future": "1.0.2",
        "nan": "2.10.0",
        "prebuild-install": "4.0.0"
      }
    },
    "levelup": {
      "version": "3.1.1",
      "resolved": "https://artifactory.twitter.biz:443/api/npm/js-virtual/levelup/-/levelup-3.1.1.tgz",
      "integrity": "sha1-wsCzvitNwxZkfFO0Li9VniMtIYk=",
      "requires": {
        "deferred-leveldown": "4.0.2",
        "level-errors": "2.0.0",
        "level-iterator-stream": "3.0.0",
        "xtend": "4.0.1"
      }
    },
    "lodash": {
      "version": "4.17.11",
      "resolved": "https://artifactory.twitter.biz:443/api/npm/js-virtual/lodash/-/lodash-4.17.11.tgz",
      "integrity": "sha1-s56mIp72B+zYniyN8SU2iRysm40="
    },
    "mime-db": {
      "version": "1.35.0",
      "resolved": "https://artifactory.twitter.biz:443/api/npm/js-virtual/mime-db/-/mime-db-1.35.0.tgz",
      "integrity": "sha1-BWnWV0ZkkSg3CWY603mpm5DZq0c="
    },
    "mimic-response": {
      "version": "1.0.1",
      "resolved": "https://artifactory.twitter.biz:443/api/npm/js-virtual/mimic-response/-/mimic-response-1.0.1.tgz",
      "integrity": "sha1-SSNTiHju9CBjy4o+OweYeBSHqxs="
    },
    "mimos": {
      "version": "4.0.0",
      "resolved": "https://artifactory.twitter.biz:443/api/npm/js-virtual/mimos/-/mimos-4.0.0.tgz",
      "integrity": "sha1-duPScShDHLZIL9FbIEdXGa1ialo=",
      "requires": {
        "hoek": "5.0.4",
        "mime-db": "1.35.0"
      }
    },
    "minimist": {
      "version": "1.2.0",
      "resolved": "https://artifactory.twitter.biz:443/api/npm/js-virtual/minimist/-/minimist-1.2.0.tgz",
      "integrity": "sha1-o1AIsg9BOD7sH7kU9M1d95omQoQ="
    },
    "mkdirp": {
      "version": "0.5.1",
      "resolved": "https://artifactory.twitter.biz:443/api/npm/js-virtual/mkdirp/-/mkdirp-0.5.1.tgz",
      "integrity": "sha1-MAV0OOrGz3+MR2fzhkjWaX11yQM=",
      "requires": {
        "minimist": "0.0.8"
      },
      "dependencies": {
        "minimist": {
          "version": "0.0.8",
          "resolved": "https://artifactory.twitter.biz:443/api/npm/js-virtual/minimist/-/minimist-0.0.8.tgz",
          "integrity": "sha1-hX/Kv8M5fSYluCKCYuhqp6ARsF0="
        }
      }
    },
    "nan": {
      "version": "2.10.0",
      "resolved": "https://artifactory.twitter.biz:443/api/npm/js-virtual/nan/-/nan-2.10.0.tgz",
      "integrity": "sha1-ltDNYQ69WNS03pzAxoKM2pnHVI8="
    },
    "nigel": {
      "version": "3.0.1",
      "resolved": "https://artifactory.twitter.biz:443/api/npm/js-virtual/nigel/-/nigel-3.0.1.tgz",
      "integrity": "sha1-SKCIWdZRdzEvHCWvclLB4HuwfCo=",
      "requires": {
        "hoek": "5.0.4",
        "vise": "3.0.0"
      }
    },
    "node-abi": {
      "version": "2.4.3",
      "resolved": "https://artifactory.twitter.biz:443/api/npm/js-virtual/node-abi/-/node-abi-2.4.3.tgz",
      "integrity": "sha1-Q2ZrexfleGPlckCe27ghFax68os=",
      "requires": {
        "semver": "5.5.0"
      }
    },
    "noop-logger": {
      "version": "0.1.1",
      "resolved": "https://artifactory.twitter.biz:443/api/npm/js-virtual/noop-logger/-/noop-logger-0.1.1.tgz",
      "integrity": "sha1-lKKxYzxPExdVMAfYlm/Q6EG2pMI="
    },
    "npmlog": {
      "version": "4.1.2",
      "resolved": "https://artifactory.twitter.biz:443/api/npm/js-virtual/npmlog/-/npmlog-4.1.2.tgz",
      "integrity": "sha1-CKfyqL9zRgR3mp76StXMcXq7lUs=",
      "requires": {
        "are-we-there-yet": "1.1.5",
        "console-control-strings": "1.1.0",
        "gauge": "2.7.4",
        "set-blocking": "2.0.0"
      }
    },
    "number-is-nan": {
      "version": "1.0.1",
      "resolved": "https://artifactory.twitter.biz:443/api/npm/js-virtual/number-is-nan/-/number-is-nan-1.0.1.tgz",
      "integrity": "sha1-CXtgK1NCKlIsGvuHkDGDNpQaAR0="
    },
    "object-assign": {
      "version": "4.1.1",
      "resolved": "https://artifactory.twitter.biz:443/api/npm/js-virtual/object-assign/-/object-assign-4.1.1.tgz",
      "integrity": "sha1-IQmtx5ZYh8/AXLvUQsrIv7s2CGM="
    },
    "once": {
      "version": "1.4.0",
      "resolved": "https://artifactory.twitter.biz:443/api/npm/js-virtual/once/-/once-1.4.0.tgz",
      "integrity": "sha1-WDsap3WWHUsROsF9nFC6753Xa9E=",
      "requires": {
        "wrappy": "1.0.2"
      }
    },
    "opencollective-postinstall": {
      "version": "2.0.0",
      "resolved": "https://artifactory.twitter.biz:443/api/npm/js-virtual/opencollective-postinstall/-/opencollective-postinstall-2.0.0.tgz",
      "integrity": "sha1-X+Bi8nBruEFQ9/sa+fEnfkbsE4g="
    },
    "optimist": {
      "version": "0.6.1",
      "resolved": "https://artifactory.twitter.biz:443/api/npm/js-virtual/optimist/-/optimist-0.6.1.tgz",
      "integrity": "sha1-2j6nRob6IaGaERwybpDrFaAZZoY=",
      "requires": {
        "minimist": "0.0.10",
        "wordwrap": "0.0.3"
      },
      "dependencies": {
        "minimist": {
          "version": "0.0.10",
          "resolved": "https://artifactory.twitter.biz:443/api/npm/js-virtual/minimist/-/minimist-0.0.10.tgz",
          "integrity": "sha1-3j+YVD2/lggr5IrRoMfNqDYwHc8="
        }
      }
    },
    "os-homedir": {
      "version": "1.0.2",
      "resolved": "https://artifactory.twitter.biz:443/api/npm/js-virtual/os-homedir/-/os-homedir-1.0.2.tgz",
      "integrity": "sha1-/7xJiDNuDoM94MFox+8VISGqf7M="
    },
    "pez": {
      "version": "4.0.2",
      "resolved": "https://artifactory.twitter.biz:443/api/npm/js-virtual/pez/-/pez-4.0.2.tgz",
      "integrity": "sha1-CnyBtklo6QsOlWKzmPOQk56cS1M=",
      "requires": {
        "b64": "4.0.0",
        "boom": "7.2.0",
        "content": "4.0.5",
        "hoek": "5.0.4",
        "nigel": "3.0.1"
      }
    },
    "podium": {
      "version": "3.1.2",
      "resolved": "https://artifactory.twitter.biz:443/api/npm/js-virtual/podium/-/podium-3.1.2.tgz",
      "integrity": "sha1-twFClznPa93mswFa5rSNQAgXzp4=",
      "requires": {
        "hoek": "5.0.4",
        "joi": "13.6.0"
      }
    },
    "prebuild-install": {
      "version": "4.0.0",
      "resolved": "https://artifactory.twitter.biz:443/api/npm/js-virtual/prebuild-install/-/prebuild-install-4.0.0.tgz",
      "integrity": "sha1-IGzoEGzl76S2zwYvyKCn2TwX86g=",
      "requires": {
        "detect-libc": "1.0.3",
        "expand-template": "1.1.1",
        "github-from-package": "0.0.0",
        "minimist": "1.2.0",
        "mkdirp": "0.5.1",
        "node-abi": "2.4.3",
        "noop-logger": "0.1.1",
        "npmlog": "4.1.2",
        "os-homedir": "1.0.2",
        "pump": "2.0.1",
        "rc": "1.2.8",
        "simple-get": "2.8.1",
        "tar-fs": "1.16.3",
        "tunnel-agent": "0.6.0",
        "which-pm-runs": "1.0.0"
      }
    },
    "process-nextick-args": {
      "version": "2.0.0",
      "resolved": "https://artifactory.twitter.biz:443/api/npm/js-virtual/process-nextick-args/-/process-nextick-args-2.0.0.tgz",
      "integrity": "sha1-o31zL0JxtKsa0HDTVQjoKQeI/6o="
    },
    "prr": {
      "version": "1.0.1",
      "resolved": "https://artifactory.twitter.biz:443/api/npm/js-virtual/prr/-/prr-1.0.1.tgz",
      "integrity": "sha1-0/wRS6BplaRexok/SEzrHXj19HY="
    },
    "pump": {
      "version": "2.0.1",
      "resolved": "https://artifactory.twitter.biz:443/api/npm/js-virtual/pump/-/pump-2.0.1.tgz",
      "integrity": "sha1-Ejma3W5M91Jtlzy8i1zi4pCLOQk=",
      "requires": {
        "end-of-stream": "1.4.1",
        "once": "1.4.0"
      }
    },
    "punycode": {
      "version": "2.1.1",
      "resolved": "https://artifactory.twitter.biz:443/api/npm/js-virtual/punycode/-/punycode-2.1.1.tgz",
      "integrity": "sha1-tYsBCsQMIsVldhbI0sLALHv0eew="
    },
    "rc": {
      "version": "1.2.8",
      "resolved": "https://artifactory.twitter.biz:443/api/npm/js-virtual/rc/-/rc-1.2.8.tgz",
      "integrity": "sha1-zZJL9SAKB1uDwYjNa54hG3/A0+0=",
      "requires": {
        "deep-extend": "0.6.0",
        "ini": "1.3.5",
        "minimist": "1.2.0",
        "strip-json-comments": "2.0.1"
      }
    },
    "readable-stream": {
      "version": "2.3.6",
      "resolved": "https://artifactory.twitter.biz:443/api/npm/js-virtual/readable-stream/-/readable-stream-2.3.6.tgz",
      "integrity": "sha1-sRwn2IuP8fvgcGQ8+UsMea4bCq8=",
      "requires": {
        "core-util-is": "1.0.2",
        "inherits": "2.0.3",
        "isarray": "1.0.0",
        "process-nextick-args": "2.0.0",
        "safe-buffer": "5.1.2",
        "string_decoder": "1.1.1",
        "util-deprecate": "1.0.2"
      }
    },
    "safe-buffer": {
      "version": "5.1.2",
      "resolved": "https://artifactory.twitter.biz:443/api/npm/js-virtual/safe-buffer/-/safe-buffer-5.1.2.tgz",
      "integrity": "sha1-mR7GnSluAxN0fVm9/St0XDX4go0="
    },
    "semver": {
      "version": "5.5.0",
      "resolved": "https://artifactory.twitter.biz:443/api/npm/js-virtual/semver/-/semver-5.5.0.tgz",
      "integrity": "sha1-3Eu8emyp2Rbe5dQ1FvAJK1j3uKs="
    },
    "set-blocking": {
      "version": "2.0.0",
      "resolved": "https://artifactory.twitter.biz:443/api/npm/js-virtual/set-blocking/-/set-blocking-2.0.0.tgz",
      "integrity": "sha1-BF+XgtARrppoA93TgrJDkrPYkPc="
    },
    "shot": {
      "version": "4.0.5",
      "resolved": "https://artifactory.twitter.biz:443/api/npm/js-virtual/shot/-/shot-4.0.5.tgz",
      "integrity": "sha1-x+dFXRHWD2ts08Q+FaO0McF+VWY=",
      "requires": {
        "hoek": "5.0.4",
        "joi": "13.6.0"
      }
    },
    "signal-exit": {
      "version": "3.0.2",
      "resolved": "https://artifactory.twitter.biz:443/api/npm/js-virtual/signal-exit/-/signal-exit-3.0.2.tgz",
      "integrity": "sha1-tf3AjxKH6hF4Yo5BXiUTK3NkbG0="
    },
    "simple-concat": {
      "version": "1.0.0",
      "resolved": "https://artifactory.twitter.biz:443/api/npm/js-virtual/simple-concat/-/simple-concat-1.0.0.tgz",
      "integrity": "sha1-c0TLuLbib7J9ZrL8hvn21Zl1IcY="
    },
    "simple-get": {
      "version": "2.8.1",
      "resolved": "https://artifactory.twitter.biz:443/api/npm/js-virtual/simple-get/-/simple-get-2.8.1.tgz",
      "integrity": "sha1-DiLpHUV12HYgYgvJEwjVenf0S10=",
      "requires": {
        "decompress-response": "3.3.0",
        "once": "1.4.0",
        "simple-concat": "1.0.0"
      }
    },
    "source-map": {
      "version": "0.6.1",
      "resolved": "https://artifactory.twitter.biz:443/api/npm/js-virtual/source-map/-/source-map-0.6.1.tgz",
      "integrity": "sha1-dHIq8y6WFOnCh6jQu95IteLxomM="
    },
    "statehood": {
      "version": "6.0.6",
      "resolved": "https://artifactory.twitter.biz:443/api/npm/js-virtual/statehood/-/statehood-6.0.6.tgz",
      "integrity": "sha1-Db18UHdNP2GiTkKwZzCTu8gfpfA=",
      "requires": {
        "boom": "7.2.0",
        "bounce": "1.2.0",
        "cryptiles": "4.1.2",
        "hoek": "5.0.4",
        "iron": "5.0.4",
        "joi": "13.6.0"
      }
    },
    "string-width": {
      "version": "1.0.2",
      "resolved": "https://artifactory.twitter.biz:443/api/npm/js-virtual/string-width/-/string-width-1.0.2.tgz",
      "integrity": "sha1-EYvfW4zcUaKn5w0hHgfisLmxB9M=",
      "requires": {
        "code-point-at": "1.1.0",
        "is-fullwidth-code-point": "1.0.0",
        "strip-ansi": "3.0.1"
      }
    },
    "string_decoder": {
      "version": "1.1.1",
      "resolved": "https://artifactory.twitter.biz:443/api/npm/js-virtual/string_decoder/-/string_decoder-1.1.1.tgz",
      "integrity": "sha1-nPFhG6YmhdcDCunkujQUnDrwP8g=",
      "requires": {
        "safe-buffer": "5.1.2"
      }
    },
    "strip-ansi": {
      "version": "3.0.1",
      "resolved": "https://artifactory.twitter.biz:443/api/npm/js-virtual/strip-ansi/-/strip-ansi-3.0.1.tgz",
      "integrity": "sha1-ajhfuIU9lS1f8F0Oiq+UJ43GPc8=",
      "requires": {
        "ansi-regex": "2.1.1"
      }
    },
    "strip-json-comments": {
      "version": "2.0.1",
      "resolved": "https://artifactory.twitter.biz:443/api/npm/js-virtual/strip-json-comments/-/strip-json-comments-2.0.1.tgz",
      "integrity": "sha1-PFMZQukIwml8DsNEhYwobHygpgo="
    },
    "subtext": {
      "version": "6.0.7",
      "resolved": "https://artifactory.twitter.biz:443/api/npm/js-virtual/subtext/-/subtext-6.0.7.tgz",
      "integrity": "sha1-jkCmeQGnNNWYFCZlyQ45g2m4hfk=",
      "requires": {
        "boom": "7.2.0",
        "content": "4.0.5",
        "hoek": "5.0.4",
        "pez": "4.0.2",
        "wreck": "14.0.2"
      }
    },
    "tar-fs": {
      "version": "1.16.3",
      "resolved": "https://artifactory.twitter.biz:443/api/npm/js-virtual/tar-fs/-/tar-fs-1.16.3.tgz",
      "integrity": "sha1-lmpiiEHaLEAQQGqCFny9Xgxy1Qk=",
      "requires": {
        "chownr": "1.0.1",
        "mkdirp": "0.5.1",
        "pump": "1.0.3",
        "tar-stream": "1.6.1"
      },
      "dependencies": {
        "pump": {
          "version": "1.0.3",
          "resolved": "https://artifactory.twitter.biz:443/api/npm/js-virtual/pump/-/pump-1.0.3.tgz",
          "integrity": "sha1-Xf6DEcM7v2/BgmH580cCxHwIqVQ=",
          "requires": {
            "end-of-stream": "1.4.1",
            "once": "1.4.0"
          }
        }
      }
    },
    "tar-stream": {
      "version": "1.6.1",
      "resolved": "https://artifactory.twitter.biz:443/api/npm/js-virtual/tar-stream/-/tar-stream-1.6.1.tgz",
      "integrity": "sha1-+E7xaWJp1iI8pI9uHu7eP36B85U=",
      "requires": {
        "bl": "1.2.2",
        "buffer-alloc": "1.2.0",
        "end-of-stream": "1.4.1",
        "fs-constants": "1.0.0",
        "readable-stream": "2.3.6",
        "to-buffer": "1.1.1",
        "xtend": "4.0.1"
      }
    },
    "teamwork": {
      "version": "3.0.1",
      "resolved": "https://artifactory.twitter.biz:443/api/npm/js-virtual/teamwork/-/teamwork-3.0.1.tgz",
      "integrity": "sha1-/zjHFh9B+AcLeBNxbrYVQDbs4ZY="
    },
    "to-buffer": {
      "version": "1.1.1",
      "resolved": "https://artifactory.twitter.biz:443/api/npm/js-virtual/to-buffer/-/to-buffer-1.1.1.tgz",
      "integrity": "sha1-STvUj2LXxD/N7TE6A9ytsuEhOoA="
    },
    "topo": {
      "version": "3.0.0",
      "resolved": "https://artifactory.twitter.biz:443/api/npm/js-virtual/topo/-/topo-3.0.0.tgz",
      "integrity": "sha1-N+SMMw7+rHhFOOCs0+YspeIx/no=",
      "requires": {
        "hoek": "5.0.4"
      }
    },
    "tunnel-agent": {
      "version": "0.6.0",
      "resolved": "https://artifactory.twitter.biz:443/api/npm/js-virtual/tunnel-agent/-/tunnel-agent-0.6.0.tgz",
      "integrity": "sha1-J6XeoGs2sEoKmWZ3SykIaPD8QP0=",
      "requires": {
        "safe-buffer": "5.1.2"
      }
    },
    "uglify-js": {
      "version": "3.4.9",
      "resolved": "https://artifactory.twitter.biz:443/api/npm/js-virtual/uglify-js/-/uglify-js-3.4.9.tgz",
      "integrity": "sha1-rwLxgMEgfXZDLkc+0koo9KeCuuM=",
      "optional": true,
      "requires": {
        "commander": "2.17.1",
        "source-map": "0.6.1"
      }
    },
    "util-deprecate": {
      "version": "1.0.2",
      "resolved": "https://artifactory.twitter.biz:443/api/npm/js-virtual/util-deprecate/-/util-deprecate-1.0.2.tgz",
      "integrity": "sha1-RQ1Nyfpw3nMnYvvS1KKJgUGaDM8="
    },
    "vise": {
      "version": "3.0.0",
      "resolved": "https://artifactory.twitter.biz:443/api/npm/js-virtual/vise/-/vise-3.0.0.tgz",
      "integrity": "sha1-dq0UqzFmnFD7sIF7wOcv7cuzv0w=",
      "requires": {
        "hoek": "5.0.4"
      }
    },
    "vision": {
      "version": "5.4.0",
      "resolved": "https://artifactory.twitter.biz:443/api/npm/js-virtual/vision/-/vision-5.4.0.tgz",
      "integrity": "sha1-/GIN65UieIHqi42KBE3B0f1A5YQ=",
      "requires": {
        "boom": "7.2.0",
        "hoek": "5.0.4",
        "items": "2.1.1",
        "joi": "13.6.0"
      }
    },
    "which-pm-runs": {
      "version": "1.0.0",
      "resolved": "https://artifactory.twitter.biz:443/api/npm/js-virtual/which-pm-runs/-/which-pm-runs-1.0.0.tgz",
      "integrity": "sha1-Zws6+8VS4LVd9rd4DKdGFfI60cs="
    },
    "wide-align": {
      "version": "1.1.3",
      "resolved": "https://artifactory.twitter.biz:443/api/npm/js-virtual/wide-align/-/wide-align-1.1.3.tgz",
      "integrity": "sha1-rgdOa9wMFKQx6ATmJFScYzsABFc=",
      "requires": {
        "string-width": "1.0.2"
      }
    },
    "wordwrap": {
      "version": "0.0.3",
      "resolved": "https://artifactory.twitter.biz:443/api/npm/js-virtual/wordwrap/-/wordwrap-0.0.3.tgz",
      "integrity": "sha1-o9XabNXAvAAI03I0u68b7WMFkQc="
    },
    "wrappy": {
      "version": "1.0.2",
      "resolved": "https://artifactory.twitter.biz:443/api/npm/js-virtual/wrappy/-/wrappy-1.0.2.tgz",
      "integrity": "sha1-tSQ9jz7BqjXxNkYFvA0QNuMKtp8="
    },
    "wreck": {
      "version": "14.0.2",
      "resolved": "https://artifactory.twitter.biz:443/api/npm/js-virtual/wreck/-/wreck-14.0.2.tgz",
      "integrity": "sha1-icF6kGHHRe0cOuvLZuoYHbqrRUw=",
      "requires": {
        "boom": "7.2.0",
        "hoek": "5.0.4"
      }
    },
    "xtend": {
      "version": "4.0.1",
      "resolved": "https://artifactory.twitter.biz:443/api/npm/js-virtual/xtend/-/xtend-4.0.1.tgz",
      "integrity": "sha1-pcbVMr5lbiPbgg77lDofBJmNY68="
    }
  }
}
